
Microsoft Visual Studio Solution File, Format Version 12.00
# Visual Studio 2013
VisualStudioVersion = 12.0.21005.1
MinimumVisualStudioVersion = 10.0.40219.1
Project("{2150E333-8FDC-42A3-9474-1A3956D46DE8}") = "01UI", "01UI", "{627D5192-2458-409E-87F2-F5E1D7BCAAAF}"
EndProject
Project("{2150E333-8FDC-42A3-9474-1A3956D46DE8}") = "02业务逻辑层", "02业务逻辑层", "{59B42F46-10A0-4C5D-9A54-4EEEB8BE1249}"
EndProject
Project("{2150E333-8FDC-42A3-9474-1A3956D46DE8}") = "03数据仓储层", "03数据仓储层", "{77B3E45A-5400-42E1-9185-19E8975F071A}"
EndProject
Project("{2150E333-8FDC-42A3-9474-1A3956D46DE8}") = "04公共层", "04公共层", "{8FC1987A-23D0-41D3-9532-81C3B1B1438A}"
EndProject
Project("{2150E333-8FDC-42A3-9474-1A3956D46DE8}") = "05Factory", "05Factory", "{E8A2D31E-746E-4CC9-B59E-750E1CBA2198}"
EndProject
Project("{FAE04EC0-301F-11D3-BF4B-00C04F79EFBC}") = "WebApp", "WebApp\WebApp.csproj", "{3703C034-487C-4EAD-BF78-433BF1964693}"
EndProject
Project("{FAE04EC0-301F-11D3-BF4B-00C04F79EFBC}") = "MODEL", "MODEL\MODEL.csproj", "{34F41852-F4F5-4DFA-99FD-C7FCEF97EB1C}"
EndProject
Project("{FAE04EC0-301F-11D3-BF4B-00C04F79EFBC}") = "BLLA", "BLLA\BLLA.csproj", "{2459531A-8076-449C-9719-A8B9CEB1E5E4}"
EndProject
Project("{FAE04EC0-301F-11D3-BF4B-00C04F79EFBC}") = "BLLB", "BLLB\BLLB.csproj", "{E9672FB6-EAE4-4D30-BBC3-F45134215E48}"
EndProject
Project("{FAE04EC0-301F-11D3-BF4B-00C04F79EFBC}") = "IBLL", "IBLL\IBLL.csproj", "{6E74D672-9D29-49AE-B4CA-6BB7555218A3}"
EndProject
Project("{FAE04EC0-301F-11D3-BF4B-00C04F79EFBC}") = "FakeAbsFactory", "FakeAbsFactory\FakeAbsFactory.csproj", "{2CE93D7C-66AE-47B2-8C19-E6E48D8E1001}"
EndProject
Project("{FAE04EC0-301F-11D3-BF4B-00C04F79EFBC}") = "AbsBllFactory", "AbsBllFactory\AbsBllFactory.csproj", "{9FB0B840-0BA0-4EE6-A4D4-67C6546A0E09}"
EndProject
Project("{FAE04EC0-301F-11D3-BF4B-00C04F79EFBC}") = "IDAL", "IDAL\IDAL.csproj", "{BEA0C1CD-610C-4EEA-9512-AA7DD3FF1015}"
EndProject
Project("{FAE04EC0-301F-11D3-BF4B-00C04F79EFBC}") = "DALA", "DALA\DALA.csproj", "{995CC2C3-4B37-45F7-8A98-6B33804C4C50}"
EndProject
Project("{FAE04EC0-301F-11D3-BF4B-00C04F79EFBC}") = "DALB", "DALB\DALB.csproj", "{078ADCA1-F1CC-48C0-AEE3-95B60170514B}"
EndProject
Project("{FAE04EC0-301F-11D3-BF4B-00C04F79EFBC}") = "AbsDalFactory", "AbsDalFactory\AbsDalFactory.csproj", "{87FCBD73-A8EF-4340-8A7C-1B169DEC0CB9}"
EndProject
Global
	GlobalSection(SolutionConfigurationPlatforms) = preSolution
		Debug|Any CPU = Debug|Any CPU
		Release|Any CPU = Release|Any CPU
	EndGlobalSection
	GlobalSection(ProjectConfigurationPlatforms) = postSolution
		{3703C034-487C-4EAD-BF78-433BF1964693}.Debug|Any CPU.ActiveCfg = Debug|Any CPU
		{3703C034-487C-4EAD-BF78-433BF1964693}.Debug|Any CPU.Build.0 = Debug|Any CPU
		{3703C034-487C-4EAD-BF78-433BF1964693}.Release|Any CPU.ActiveCfg = Release|Any CPU
		{3703C034-487C-4EAD-BF78-433BF1964693}.Release|Any CPU.Build.0 = Release|Any CPU
		{34F41852-F4F5-4DFA-99FD-C7FCEF97EB1C}.Debug|Any CPU.ActiveCfg = Debug|Any CPU
		{34F41852-F4F5-4DFA-99FD-C7FCEF97EB1C}.Debug|Any CPU.Build.0 = Debug|Any CPU
		{34F41852-F4F5-4DFA-99FD-C7FCEF97EB1C}.Release|Any CPU.ActiveCfg = Release|Any CPU
		{34F41852-F4F5-4DFA-99FD-C7FCEF97EB1C}.Release|Any CPU.Build.0 = Release|Any CPU
		{2459531A-8076-449C-9719-A8B9CEB1E5E4}.Debug|Any CPU.ActiveCfg = Debug|Any CPU
		{2459531A-8076-449C-9719-A8B9CEB1E5E4}.Debug|Any CPU.Build.0 = Debug|Any CPU
		{2459531A-8076-449C-9719-A8B9CEB1E5E4}.Release|Any CPU.ActiveCfg = Release|Any CPU
		{2459531A-8076-449C-9719-A8B9CEB1E5E4}.Release|Any CPU.Build.0 = Release|Any CPU
		{E9672FB6-EAE4-4D30-BBC3-F45134215E48}.Debug|Any CPU.ActiveCfg = Debug|Any CPU
		{E9672FB6-EAE4-4D30-BBC3-F45134215E48}.Debug|Any CPU.Build.0 = Debug|Any CPU
		{E9672FB6-EAE4-4D30-BBC3-F45134215E48}.Release|Any CPU.ActiveCfg = Release|Any CPU
		{E9672FB6-EAE4-4D30-BBC3-F45134215E48}.Release|Any CPU.Build.0 = Release|Any CPU
		{6E74D672-9D29-49AE-B4CA-6BB7555218A3}.Debug|Any CPU.ActiveCfg = Debug|Any CPU
		{6E74D672-9D29-49AE-B4CA-6BB7555218A3}.Debug|Any CPU.Build.0 = Debug|Any CPU
		{6E74D672-9D29-49AE-B4CA-6BB7555218A3}.Release|Any CPU.ActiveCfg = Release|Any CPU
		{6E74D672-9D29-49AE-B4CA-6BB7555218A3}.Release|Any CPU.Build.0 = Release|Any CPU
		{2CE93D7C-66AE-47B2-8C19-E6E48D8E1001}.Debug|Any CPU.ActiveCfg = Debug|Any CPU
		{2CE93D7C-66AE-47B2-8C19-E6E48D8E1001}.Debug|Any CPU.Build.0 = Debug|Any CPU
		{2CE93D7C-66AE-47B2-8C19-E6E48D8E1001}.Release|Any CPU.ActiveCfg = Release|Any CPU
		{2CE93D7C-66AE-47B2-8C19-E6E48D8E1001}.Release|Any CPU.Build.0 = Release|Any CPU
		{9FB0B840-0BA0-4EE6-A4D4-67C6546A0E09}.Debug|Any CPU.ActiveCfg = Debug|Any CPU
		{9FB0B840-0BA0-4EE6-A4D4-67C6546A0E09}.Debug|Any CPU.Build.0 = Debug|Any CPU
		{9FB0B840-0BA0-4EE6-A4D4-67C6546A0E09}.Release|Any CPU.ActiveCfg = Release|Any CPU
		{9FB0B840-0BA0-4EE6-A4D4-67C6546A0E09}.Release|Any CPU.Build.0 = Release|Any CPU
		{BEA0C1CD-610C-4EEA-9512-AA7DD3FF1015}.Debug|Any CPU.ActiveCfg = Debug|Any CPU
		{BEA0C1CD-610C-4EEA-9512-AA7DD3FF1015}.Debug|Any CPU.Build.0 = Debug|Any CPU
		{BEA0C1CD-610C-4EEA-9512-AA7DD3FF1015}.Release|Any CPU.ActiveCfg = Release|Any CPU
		{BEA0C1CD-610C-4EEA-9512-AA7DD3FF1015}.Release|Any CPU.Build.0 = Release|Any CPU
		{995CC2C3-4B37-45F7-8A98-6B33804C4C50}.Debug|Any CPU.ActiveCfg = Debug|Any CPU
		{995CC2C3-4B37-45F7-8A98-6B33804C4C50}.Debug|Any CPU.Build.0 = Debug|Any CPU
		{995CC2C3-4B37-45F7-8A98-6B33804C4C50}.Release|Any CPU.ActiveCfg = Release|Any CPU
		{995CC2C3-4B37-45F7-8A98-6B33804C4C50}.Release|Any CPU.Build.0 = Release|Any CPU
		{078ADCA1-F1CC-48C0-AEE3-95B60170514B}.Debug|Any CPU.ActiveCfg = Debug|Any CPU
		{078ADCA1-F1CC-48C0-AEE3-95B60170514B}.Debug|Any CPU.Build.0 = Debug|Any CPU
		{078ADCA1-F1CC-48C0-AEE3-95B60170514B}.Release|Any CPU.ActiveCfg = Release|Any CPU
		{078ADCA1-F1CC-48C0-AEE3-95B60170514B}.Release|Any CPU.Build.0 = Release|Any CPU
		{87FCBD73-A8EF-4340-8A7C-1B169DEC0CB9}.Debug|Any CPU.ActiveCfg = Debug|Any CPU
		{87FCBD73-A8EF-4340-8A7C-1B169DEC0CB9}.Debug|Any CPU.Build.0 = Debug|Any CPU
		{87FCBD73-A8EF-4340-8A7C-1B169DEC0CB9}.Release|Any CPU.ActiveCfg = Release|Any CPU
		{87FCBD73-A8EF-4340-8A7C-1B169DEC0CB9}.Release|Any CPU.Build.0 = Release|Any CPU
	EndGlobalSection
	GlobalSection(SolutionProperties) = preSolution
		HideSolutionNode = FALSE
	EndGlobalSection
	GlobalSection(NestedProjects) = preSolution
		{3703C034-487C-4EAD-BF78-433BF1964693} = {627D5192-2458-409E-87F2-F5E1D7BCAAAF}
		{2459531A-8076-449C-9719-A8B9CEB1E5E4} = {59B42F46-10A0-4C5D-9A54-4EEEB8BE1249}
		{E9672FB6-EAE4-4D30-BBC3-F45134215E48} = {59B42F46-10A0-4C5D-9A54-4EEEB8BE1249}
		{6E74D672-9D29-49AE-B4CA-6BB7555218A3} = {59B42F46-10A0-4C5D-9A54-4EEEB8BE1249}
		{BEA0C1CD-610C-4EEA-9512-AA7DD3FF1015} = {77B3E45A-5400-42E1-9185-19E8975F071A}
		{995CC2C3-4B37-45F7-8A98-6B33804C4C50} = {77B3E45A-5400-42E1-9185-19E8975F071A}
		{078ADCA1-F1CC-48C0-AEE3-95B60170514B} = {77B3E45A-5400-42E1-9185-19E8975F071A}
		{34F41852-F4F5-4DFA-99FD-C7FCEF97EB1C} = {8FC1987A-23D0-41D3-9532-81C3B1B1438A}
		{2CE93D7C-66AE-47B2-8C19-E6E48D8E1001} = {E8A2D31E-746E-4CC9-B59E-750E1CBA2198}
		{9FB0B840-0BA0-4EE6-A4D4-67C6546A0E09} = {E8A2D31E-746E-4CC9-B59E-750E1CBA2198}
		{87FCBD73-A8EF-4340-8A7C-1B169DEC0CB9} = {E8A2D31E-746E-4CC9-B59E-750E1CBA2198}
	EndGlobalSection
EndGlobal
